// !$*UTF8*$!
{
	archiveVersion = 1;
	classes = {
	};
	objectVersion = 50;
	objects = {

/* Begin PBXBuildFile section */
		94E3B203255A3A200021FCAA /* AppDelegate.swift in Sources */ = {isa = PBXBuildFile; fileRef = 94E3B202255A3A200021FCAA /* AppDelegate.swift */; };
		94E3B205255A3A200021FCAA /* SceneDelegate.swift in Sources */ = {isa = PBXBuildFile; fileRef = 94E3B204255A3A200021FCAA /* SceneDelegate.swift */; };
		94E3B207255A3A200021FCAA /* ViewController.swift in Sources */ = {isa = PBXBuildFile; fileRef = 94E3B206255A3A200021FCAA /* ViewController.swift */; };
		94E3B20A255A3A200021FCAA /* Main.storyboard in Resources */ = {isa = PBXBuildFile; fileRef = 94E3B208255A3A200021FCAA /* Main.storyboard */; };
		94E3B20C255A3A240021FCAA /* Assets.xcassets in Resources */ = {isa = PBXBuildFile; fileRef = 94E3B20B255A3A240021FCAA /* Assets.xcassets */; };
		94E3B20F255A3A240021FCAA /* LaunchScreen.storyboard in Resources */ = {isa = PBXBuildFile; fileRef = 94E3B20D255A3A240021FCAA /* LaunchScreen.storyboard */; };
		94E3B21A255A3A240021FCAA /* EMS_iOS_AppTests.swift in Sources */ = {isa = PBXBuildFile; fileRef = 94E3B219255A3A240021FCAA /* EMS_iOS_AppTests.swift */; };
		94E3B225255A3A240021FCAA /* EMS_iOS_AppUITests.swift in Sources */ = {isa = PBXBuildFile; fileRef = 94E3B224255A3A240021FCAA /* EMS_iOS_AppUITests.swift */; };
/* End PBXBuildFile section */

/* Begin PBXContainerItemProxy section */
		94E3B216255A3A240021FCAA /* PBXContainerItemProxy */ = {
			isa = PBXContainerItemProxy;
			containerPortal = 94E3B1F7255A3A200021FCAA /* Project object */;
			proxyType = 1;
			remoteGlobalIDString = 94E3B1FE255A3A200021FCAA;
			remoteInfo = "EMS iOS App";
		};
		94E3B221255A3A240021FCAA /* PBXContainerItemProxy */ = {
			isa = PBXContainerItemProxy;
			containerPortal = 94E3B1F7255A3A200021FCAA /* Project object */;
			proxyType = 1;
			remoteGlobalIDString = 94E3B1FE255A3A200021FCAA;
			remoteInfo = "EMS iOS App";
		};
/* End PBXContainerItemProxy section */

/* Begin PBXFileReference section */
		94E3B1FF255A3A200021FCAA /* EMS iOS App.app */ = {isa = PBXFileReference; explicitFileType = wrapper.application; includeInIndex = 0; path = "EMS iOS App.app"; sourceTree = BUILT_PRODUCTS_DIR; };
		94E3B202255A3A200021FCAA /* AppDelegate.swift */ = {isa = PBXFileReference; lastKnownFileType = sourcecode.swift; path = AppDelegate.swift; sourceTree = "<group>"; };
		94E3B204255A3A200021FCAA /* SceneDelegate.swift */ = {isa = PBXFileReference; lastKnownFileType = sourcecode.swift; path = SceneDelegate.swift; sourceTree = "<group>"; };
		94E3B206255A3A200021FCAA /* ViewController.swift */ = {isa = PBXFileReference; lastKnownFileType = sourcecode.swift; path = ViewController.swift; sourceTree = "<group>"; };
		94E3B209255A3A200021FCAA /* Base */ = {isa = PBXFileReference; lastKnownFileType = file.storyboard; name = Base; path = Base.lproj/Main.storyboard; sourceTree = "<group>"; };
		94E3B20B255A3A240021FCAA /* Assets.xcassets */ = {isa = PBXFileReference; lastKnownFileType = folder.assetcatalog; path = Assets.xcassets; sourceTree = "<group>"; };
		94E3B20E255A3A240021FCAA /* Base */ = {isa = PBXFileReference; lastKnownFileType = file.storyboard; name = Base; path = Base.lproj/LaunchScreen.storyboard; sourceTree = "<group>"; };
		94E3B210255A3A240021FCAA /* Info.plist */ = {isa = PBXFileReference; lastKnownFileType = text.plist.xml; path = Info.plist; sourceTree = "<group>"; };
		94E3B215255A3A240021FCAA /* EMS iOS AppTests.xctest */ = {isa = PBXFileReference; explicitFileType = wrapper.cfbundle; includeInIndex = 0; path = "EMS iOS AppTests.xctest"; sourceTree = BUILT_PRODUCTS_DIR; };
		94E3B219255A3A240021FCAA /* EMS_iOS_AppTests.swift */ = {isa = PBXFileReference; lastKnownFileType = sourcecode.swift; path = EMS_iOS_AppTests.swift; sourceTree = "<group>"; };
		94E3B21B255A3A240021FCAA /* Info.plist */ = {isa = PBXFileReference; lastKnownFileType = text.plist.xml; path = Info.plist; sourceTree = "<group>"; };
		94E3B220255A3A240021FCAA /* EMS iOS AppUITests.xctest */ = {isa = PBXFileReference; explicitFileType = wrapper.cfbundle; includeInIndex = 0; path = "EMS iOS AppUITests.xctest"; sourceTree = BUILT_PRODUCTS_DIR; };
		94E3B224255A3A240021FCAA /* EMS_iOS_AppUITests.swift */ = {isa = PBXFileReference; lastKnownFileType = sourcecode.swift; path = EMS_iOS_AppUITests.swift; sourceTree = "<group>"; };
		94E3B226255A3A240021FCAA /* Info.plist */ = {isa = PBXFileReference; lastKnownFileType = text.plist.xml; path = Info.plist; sourceTree = "<group>"; };
/* End PBXFileReference section */

/* Begin PBXFrameworksBuildPhase section */
		94E3B1FC255A3A200021FCAA /* Frameworks */ = {
			isa = PBXFrameworksBuildPhase;
			buildActionMask = 2147483647;
			files = (
			);
			runOnlyForDeploymentPostprocessing = 0;
		};
		94E3B212255A3A240021FCAA /* Frameworks */ = {
			isa = PBXFrameworksBuildPhase;
			buildActionMask = 2147483647;
			files = (
			);
			runOnlyForDeploymentPostprocessing = 0;
		};
		94E3B21D255A3A240021FCAA /* Frameworks */ = {
			isa = PBXFrameworksBuildPhase;
			buildActionMask = 2147483647;
			files = (
			);
			runOnlyForDeploymentPostprocessing = 0;
		};
/* End PBXFrameworksBuildPhase section */

/* Begin PBXGroup section */
		94E3B1F6255A3A200021FCAA = {
			isa = PBXGroup;
			children = (
				94E3B201255A3A200021FCAA /* EMS iOS App */,
				94E3B218255A3A240021FCAA /* EMS iOS AppTests */,
				94E3B223255A3A240021FCAA /* EMS iOS AppUITests */,
				94E3B200255A3A200021FCAA /* Products */,
			);
			sourceTree = "<group>";
		};
		94E3B200255A3A200021FCAA /* Products */ = {
			isa = PBXGroup;
			children = (
				94E3B1FF255A3A200021FCAA /* EMS iOS App.app */,
				94E3B215255A3A240021FCAA /* EMS iOS AppTests.xctest */,
				94E3B220255A3A240021FCAA /* EMS iOS AppUITests.xctest */,
			);
			name = Products;
			sourceTree = "<group>";
		};
		94E3B201255A3A200021FCAA /* EMS iOS App */ = {
			isa = PBXGroup;
			children = (
				94E3B202255A3A200021FCAA /* AppDelegate.swift */,
				94E3B204255A3A200021FCAA /* SceneDelegate.swift */,
				94E3B206255A3A200021FCAA /* ViewController.swift */,
				94E3B208255A3A200021FCAA /* Main.storyboard */,
				94E3B20B255A3A240021FCAA /* Assets.xcassets */,
				94E3B20D255A3A240021FCAA /* LaunchScreen.storyboard */,
				94E3B210255A3A240021FCAA /* Info.plist */,
			);
			path = "EMS iOS App";
			sourceTree = "<group>";
		};
		94E3B218255A3A240021FCAA /* EMS iOS AppTests */ = {
			isa = PBXGroup;
			children = (
				94E3B219255A3A240021FCAA /* EMS_iOS_AppTests.swift */,
				94E3B21B255A3A240021FCAA /* Info.plist */,
			);
			path = "EMS iOS AppTests";
			sourceTree = "<group>";
		};
		94E3B223255A3A240021FCAA /* EMS iOS AppUITests */ = {
			isa = PBXGroup;
			children = (
				94E3B224255A3A240021FCAA /* EMS_iOS_AppUITests.swift */,
				94E3B226255A3A240021FCAA /* Info.plist */,
			);
			path = "EMS iOS AppUITests";
			sourceTree = "<group>";
		};
/* End PBXGroup section */

/* Begin PBXNativeTarget section */
		94E3B1FE255A3A200021FCAA /* EMS iOS App */ = {
			isa = PBXNativeTarget;
			buildConfigurationList = 94E3B229255A3A240021FCAA /* Build configuration list for PBXNativeTarget "EMS iOS App" */;
			buildPhases = (
				94E3B1FB255A3A200021FCAA /* Sources */,
				94E3B1FC255A3A200021FCAA /* Frameworks */,
				94E3B1FD255A3A200021FCAA /* Resources */,
			);
			buildRules = (
			);
			dependencies = (
			);
			name = "EMS iOS App";
			productName = "EMS iOS App";
			productReference = 94E3B1FF255A3A200021FCAA /* EMS iOS App.app */;
			productType = "com.apple.product-type.application";
		};
		94E3B214255A3A240021FCAA /* EMS iOS AppTests */ = {
			isa = PBXNativeTarget;
			buildConfigurationList = 94E3B22C255A3A240021FCAA /* Build configuration list for PBXNativeTarget "EMS iOS AppTests" */;
			buildPhases = (
				94E3B211255A3A240021FCAA /* Sources */,
				94E3B212255A3A240021FCAA /* Frameworks */,
				94E3B213255A3A240021FCAA /* Resources */,
			);
			buildRules = (
			);
			dependencies = (
				94E3B217255A3A240021FCAA /* PBXTargetDependency */,
			);
			name = "EMS iOS AppTests";
			productName = "EMS iOS AppTests";
			productReference = 94E3B215255A3A240021FCAA /* EMS iOS AppTests.xctest */;
			productType = "com.apple.product-type.bundle.unit-test";
		};
		94E3B21F255A3A240021FCAA /* EMS iOS AppUITests */ = {
			isa = PBXNativeTarget;
			buildConfigurationList = 94E3B22F255A3A240021FCAA /* Build configuration list for PBXNativeTarget "EMS iOS AppUITests" */;
			buildPhases = (
				94E3B21C255A3A240021FCAA /* Sources */,
				94E3B21D255A3A240021FCAA /* Frameworks */,
				94E3B21E255A3A240021FCAA /* Resources */,
			);
			buildRules = (
			);
			dependencies = (
				94E3B222255A3A240021FCAA /* PBXTargetDependency */,
			);
			name = "EMS iOS AppUITests";
			productName = "EMS iOS AppUITests";
			productReference = 94E3B220255A3A240021FCAA /* EMS iOS AppUITests.xctest */;
			productType = "com.apple.product-type.bundle.ui-testing";
		};
/* End PBXNativeTarget section */

/* Begin PBXProject section */
		94E3B1F7255A3A200021FCAA /* Project object */ = {
			isa = PBXProject;
			attributes = {
				LastSwiftUpdateCheck = 1140;
				LastUpgradeCheck = 1140;
				ORGANIZATIONNAME = JD_0340_EMS;
				TargetAttributes = {
					94E3B1FE255A3A200021FCAA = {
						CreatedOnToolsVersion = 11.4.1;
					};
					94E3B214255A3A240021FCAA = {
						CreatedOnToolsVersion = 11.4.1;
						TestTargetID = 94E3B1FE255A3A200021FCAA;
					};
					94E3B21F255A3A240021FCAA = {
						CreatedOnToolsVersion = 11.4.1;
						TestTargetID = 94E3B1FE255A3A200021FCAA;
					};
				};
			};
			buildConfigurationList = 94E3B1FA255A3A200021FCAA /* Build configuration list for PBXProject "EMS iOS App" */;
			compatibilityVersion = "Xcode 9.3";
			developmentRegion = en;
			hasScannedForEncodings = 0;
			knownRegions = (
				en,
				Base,
			);
			mainGroup = 94E3B1F6255A3A200021FCAA;
			productRefGroup = 94E3B200255A3A200021FCAA /* Products */;
			projectDirPath = "";
			projectRoot = "";
			targets = (
				94E3B1FE255A3A200021FCAA /* EMS iOS App */,
				94E3B214255A3A240021FCAA /* EMS iOS AppTests */,
				94E3B21F255A3A240021FCAA /* EMS iOS AppUITests */,
			);
		};
/* End PBXProject section */

/* Begin PBXResourcesBuildPhase section */
		94E3B1FD255A3A200021FCAA /* Resources */ = {
			isa = PBXResourcesBuildPhase;
			buildActionMask = 2147483647;
			files = (
				94E3B20F255A3A240021FCAA /* LaunchScreen.storyboard in Resources */,
				94E3B20C255A3A240021FCAA /* Assets.xcassets in Resources */,
				94E3B20A255A3A200021FCAA /* Main.storyboard in Resources */,
			);
			runOnlyForDeploymentPostprocessing = 0;
		};
		94E3B213255A3A240021FCAA /* Resources */ = {
			isa = PBXResourcesBuildPhase;
			buildActionMask = 2147483647;
			files = (
			);
			runOnlyForDeploymentPostprocessing = 0;
		};
		94E3B21E255A3A240021FCAA /* Resources */ = {
			isa = PBXResourcesBuildPhase;
			buildActionMask = 2147483647;
			files = (
			);
			runOnlyForDeploymentPostprocessing = 0;
		};
/* End PBXResourcesBuildPhase section */

/* Begin PBXSourcesBuildPhase section */
		94E3B1FB255A3A200021FCAA /* Sources */ = {
			isa = PBXSourcesBuildPhase;
			buildActionMask = 2147483647;
			files = (
				94E3B207255A3A200021FCAA /* ViewController.swift in Sources */,
				94E3B203255A3A200021FCAA /* AppDelegate.swift in Sources */,
				94E3B205255A3A200021FCAA /* SceneDelegate.swift in Sources */,
			);
			runOnlyForDeploymentPostprocessing = 0;
		};
		94E3B211255A3A240021FCAA /* Sources */ = {
			isa = PBXSourcesBuildPhase;
			buildActionMask = 2147483647;
			files = (
				94E3B21A255A3A240021FCAA /* EMS_iOS_AppTests.swift in Sources */,
			);
			runOnlyForDeploymentPostprocessing = 0;
		};
		94E3B21C255A3A240021FCAA /* Sources */ = {
			isa = PBXSourcesBuildPhase;
			buildActionMask = 2147483647;
			files = (
				94E3B225255A3A240021FCAA /* EMS_iOS_AppUITests.swift in Sources */,
			);
			runOnlyForDeploymentPostprocessing = 0;
		};
/* End PBXSourcesBuildPhase section */

/* Begin PBXTargetDependency section */
		94E3B217255A3A240021FCAA /* PBXTargetDependency */ = {
			isa = PBXTargetDependency;
			target = 94E3B1FE255A3A200021FCAA /* EMS iOS App */;
			targetProxy = 94E3B216255A3A240021FCAA /* PBXContainerItemProxy */;
		};
		94E3B222255A3A240021FCAA /* PBXTargetDependency */ = {
			isa = PBXTargetDependency;
			target = 94E3B1FE255A3A200021FCAA /* EMS iOS App */;
			targetProxy = 94E3B221255A3A240021FCAA /* PBXContainerItemProxy */;
		};
/* End PBXTargetDependency section */

/* Begin PBXVariantGroup section */
		94E3B208255A3A200021FCAA /* Main.storyboard */ = {
			isa = PBXVariantGroup;
			children = (
				94E3B209255A3A200021FCAA /* Base */,
			);
			name = Main.storyboard;
			sourceTree = "<group>";
		};
		94E3B20D255A3A240021FCAA /* LaunchScreen.storyboard */ = {
			isa = PBXVariantGroup;
			children = (
				94E3B20E255A3A240021FCAA /* Base */,
			);
			name = LaunchScreen.storyboard;
			sourceTree = "<group>";
		};
/* End PBXVariantGroup section */

/* Begin XCBuildConfiguration section */
		94E3B227255A3A240021FCAA /* Debug */ = {
			isa = XCBuildConfiguration;
			buildSettings = {
				ALWAYS_SEARCH_USER_PATHS = NO;
				CLANG_ANALYZER_NONNULL = YES;
				CLANG_ANALYZER_NUMBER_OBJECT_CONVERSION = YES_AGGRESSIVE;
				CLANG_CXX_LANGUAGE_STANDARD = "gnu++14";
				CLANG_CXX_LIBRARY = "libc++";
				CLANG_ENABLE_MODULES = YES;
				CLANG_ENABLE_OBJC_ARC = YES;
				CLANG_ENABLE_OBJC_WEAK = YES;
				CLANG_WARN_BLOCK_CAPTURE_AUTORELEASING = YES;
				CLANG_WARN_BOOL_CONVERSION = YES;
				CLANG_WARN_COMMA = YES;
				CLANG_WARN_CONSTANT_CONVERSION = YES;
				CLANG_WARN_DEPRECATED_OBJC_IMPLEMENTATIONS = YES;
				CLANG_WARN_DIRECT_OBJC_ISA_USAGE = YES_ERROR;
				CLANG_WARN_DOCUMENTATION_COMMENTS = YES;
				CLANG_WARN_EMPTY_BODY = YES;
				CLANG_WARN_ENUM_CONVERSION = YES;
				CLANG_WARN_INFINITE_RECURSION = YES;
				CLANG_WARN_INT_CONVERSION = YES;
				CLANG_WARN_NON_LITERAL_NULL_CONVERSION = YES;
				CLANG_WARN_OBJC_IMPLICIT_RETAIN_SELF = YES;
				CLANG_WARN_OBJC_LITERAL_CONVERSION = YES;
				CLANG_WARN_OBJC_ROOT_CLASS = YES_ERROR;
				CLANG_WARN_RANGE_LOOP_ANALYSIS = YES;
				CLANG_WARN_STRICT_PROTOTYPES = YES;
				CLANG_WARN_SUSPICIOUS_MOVE = YES;
				CLANG_WARN_UNGUARDED_AVAILABILITY = YES_AGGRESSIVE;
				CLANG_WARN_UNREACHABLE_CODE = YES;
				CLANG_WARN__DUPLICATE_METHOD_MATCH = YES;
				COPY_PHASE_STRIP = NO;
				DEBUG_INFORMATION_FORMAT = dwarf;
				ENABLE_STRICT_OBJC_MSGSEND = YES;
				ENABLE_TESTABILITY = YES;
				GCC_C_LANGUAGE_STANDARD = gnu11;
				GCC_DYNAMIC_NO_PIC = NO;
				GCC_NO_COMMON_BLOCKS = YES;
				GCC_OPTIMIZATION_LEVEL = 0;
				GCC_PREPROCESSOR_DEFINITIONS = (
					"DEBUG=1",
					"$(inherited)",
				);
				GCC_WARN_64_TO_32_BIT_CONVERSION = YES;
				GCC_WARN_ABOUT_RETURN_TYPE = YES_ERROR;
				GCC_WARN_UNDECLARED_SELECTOR = YES;
				GCC_WARN_UNINITIALIZED_AUTOS = YES_AGGRESSIVE;
				GCC_WARN_UNUSED_FUNCTION = YES;
				GCC_WARN_UNUSED_VARIABLE = YES;
				IPHONEOS_DEPLOYMENT_TARGET = 13.4;
				MTL_ENABLE_DEBUG_INFO = INCLUDE_SOURCE;
				MTL_FAST_MATH = YES;
				ONLY_ACTIVE_ARCH = YES;
				SDKROOT = iphoneos;
				SWIFT_ACTIVE_COMPILATION_CONDITIONS = DEBUG;
				SWIFT_OPTIMIZATION_LEVEL = "-Onone";
			};
			name = Debug;
		};
		94E3B228255A3A240021FCAA /* Release */ = {
			isa = XCBuildConfiguration;
			buildSettings = {
				ALWAYS_SEARCH_USER_PATHS = NO;
				CLANG_ANALYZER_NONNULL = YES;
				CLANG_ANALYZER_NUMBER_OBJECT_CONVERSION = YES_AGGRESSIVE;
				CLANG_CXX_LANGUAGE_STANDARD = "gnu++14";
				CLANG_CXX_LIBRARY = "libc++";
				CLANG_ENABLE_MODULES = YES;
				CLANG_ENABLE_OBJC_ARC = YES;
				CLANG_ENABLE_OBJC_WEAK = YES;
				CLANG_WARN_BLOCK_CAPTURE_AUTORELEASING = YES;
				CLANG_WARN_BOOL_CONVERSION = YES;
				CLANG_WARN_COMMA = YES;
				CLANG_WARN_CONSTANT_CONVERSION = YES;
				CLANG_WARN_DEPRECATED_OBJC_IMPLEMENTATIONS = YES;
				CLANG_WARN_DIRECT_OBJC_ISA_USAGE = YES_ERROR;
				CLANG_WARN_DOCUMENTATION_COMMENTS = YES;
				CLANG_WARN_EMPTY_BODY = YES;
				CLANG_WARN_ENUM_CONVERSION = YES;
				CLANG_WARN_INFINITE_RECURSION = YES;
				CLANG_WARN_INT_CONVERSION = YES;
				CLANG_WARN_NON_LITERAL_NULL_CONVERSION = YES;
				CLANG_WARN_OBJC_IMPLICIT_RETAIN_SELF = YES;
				CLANG_WARN_OBJC_LITERAL_CONVERSION = YES;
				CLANG_WARN_OBJC_ROOT_CLASS = YES_ERROR;
				CLANG_WARN_RANGE_LOOP_ANALYSIS = YES;
				CLANG_WARN_STRICT_PROTOTYPES = YES;
				CLANG_WARN_SUSPICIOUS_MOVE = YES;
				CLANG_WARN_UNGUARDED_AVAILABILITY = YES_AGGRESSIVE;
				CLANG_WARN_UNREACHABLE_CODE = YES;
				CLANG_WARN__DUPLICATE_METHOD_MATCH = YES;
				COPY_PHASE_STRIP = NO;
				DEBUG_INFORMATION_FORMAT = "dwarf-with-dsym";
				ENABLE_NS_ASSERTIONS = NO;
				ENABLE_STRICT_OBJC_MSGSEND = YES;
				GCC_C_LANGUAGE_STANDARD = gnu11;
				GCC_NO_COMMON_BLOCKS = YES;
				GCC_WARN_64_TO_32_BIT_CONVERSION = YES;
				GCC_WARN_ABOUT_RETURN_TYPE = YES_ERROR;
				GCC_WARN_UNDECLARED_SELECTOR = YES;
				GCC_WARN_UNINITIALIZED_AUTOS = YES_AGGRESSIVE;
				GCC_WARN_UNUSED_FUNCTION = YES;
				GCC_WARN_UNUSED_VARIABLE = YES;
				IPHONEOS_DEPLOYMENT_TARGET = 13.4;
				MTL_ENABLE_DEBUG_INFO = NO;
				MTL_FAST_MATH = YES;
				SDKROOT = iphoneos;
				SWIFT_COMPILATION_MODE = wholemodule;
				SWIFT_OPTIMIZATION_LEVEL = "-O";
				VALIDATE_PRODUCT = YES;
			};
			name = Release;
		};
		94E3B22A255A3A240021FCAA /* Debug */ = {
			isa = XCBuildConfiguration;
			buildSettings = {
				ASSETCATALOG_COMPILER_APPICON_NAME = AppIcon;
				CODE_SIGN_STYLE = Automatic;
				DEVELOPMENT_TEAM = A96N793463;
				INFOPLIST_FILE = "EMS iOS App/Info.plist";
				LD_RUNPATH_SEARCH_PATHS = (
					"$(inherited)",
					"@executable_path/Frameworks",
				);
				PRODUCT_BUNDLE_IDENTIFIER = "JD-0340-EMS.EMS-iOS-App";
				PRODUCT_NAME = "$(TARGET_NAME)";
				SWIFT_VERSION = 5.0;
				TARGETED_DEVICE_FAMILY = "1,2";
			};
			name = Debug;
		};
		94E3B22B255A3A240021FCAA /* Release */ = {
			isa = XCBuildConfiguration;
			buildSettings = {
				ASSETCATALOG_COMPILER_APPICON_NAME = AppIcon;
				CODE_SIGN_STYLE = Automatic;
				DEVELOPMENT_TEAM = A96N793463;
				INFOPLIST_FILE = "EMS iOS App/Info.plist";
				LD_RUNPATH_SEARCH_PATHS = (
					"$(inherited)",
					"@executable_path/Frameworks",
				);
				PRODUCT_BUNDLE_IDENTIFIER = "JD-0340-EMS.EMS-iOS-App";
				PRODUCT_NAME = "$(TARGET_NAME)";
				SWIFT_VERSION = 5.0;
				TARGETED_DEVICE_FAMILY = "1,2";
			};
			name = Release;
		};
		94E3B22D255A3A240021FCAA /* Debug */ = {
			isa = XCBuildConfiguration;
			buildSettings = {
				ALWAYS_EMBED_SWIFT_STANDARD_LIBRARIES = YES;
				BUNDLE_LOADER = "$(TEST_HOST)";
				CODE_SIGN_STYLE = Automatic;
				DEVELOPMENT_TEAM = A96N793463;
				INFOPLIST_FILE = "EMS iOS AppTests/Info.plist";
				IPHONEOS_DEPLOYMENT_TARGET = 13.4;
				LD_RUNPATH_SEARCH_PATHS = (
					"$(inherited)",
					"@executable_path/Frameworks",
					"@loader_path/Frameworks",
				);
				PRODUCT_BUNDLE_IDENTIFIER = "JD-0340-EMS.EMS-iOS-AppTests";
				PRODUCT_NAME = "$(TARGET_NAME)";
				SWIFT_VERSION = 5.0;
				TARGETED_DEVICE_FAMILY = "1,2";
				TEST_HOST = "$(BUILT_PRODUCTS_DIR)/EMS iOS App.app/EMS iOS App";
			};
			name = Debug;
		};
		94E3B22E255A3A240021FCAA /* Release */ = {
			isa = XCBuildConfiguration;
			buildSettings = {
				ALWAYS_EMBED_SWIFT_STANDARD_LIBRARIES = YES;
				BUNDLE_LOADER = "$(TEST_HOST)";
				CODE_SIGN_STYLE = Automatic;
				DEVELOPMENT_TEAM = A96N793463;
				INFOPLIST_FILE = "EMS iOS AppTests/Info.plist";
				IPHONEOS_DEPLOYMENT_TARGET = 13.4;
				LD_RUNPATH_SEARCH_PATHS = (
					"$(inherited)",
					"@executable_path/Frameworks",
					"@loader_path/Frameworks",
				);
				PRODUCT_BUNDLE_IDENTIFIER = "JD-0340-EMS.EMS-iOS-AppTests";
				PRODUCT_NAME = "$(TARGET_NAME)";
				SWIFT_VERSION = 5.0;
				TARGETED_DEVICE_FAMILY = "1,2";
				TEST_HOST = "$(BUILT_PRODUCTS_DIR)/EMS iOS App.app/EMS iOS App";
			};
			name = Release;
		};
		94E3B230255A3A240021FCAA /* Debug */ = {
			isa = XCBuildConfiguration;
			buildSettings = {
				ALWAYS_EMBED_SWIFT_STANDARD_LIBRARIES = YES;
				CODE_SIGN_STYLE = Automatic;
				DEVELOPMENT_TEAM = A96N793463;
				INFOPLIST_FILE = "EMS iOS AppUITests/Info.plist";
				LD_RUNPATH_SEARCH_PATHS = (
					"$(inherited)",
					"@executable_path/Frameworks",
					"@loader_path/Frameworks",
				);
				PRODUCT_BUNDLE_IDENTIFIER = "JD-0340-EMS.EMS-iOS-AppUITests";
				PRODUCT_NAME = "$(TARGET_NAME)";
				SWIFT_VERSION = 5.0;
				TARGETED_DEVICE_FAMILY = "1,2";
				TEST_TARGET_NAME = "EMS iOS App";
			};
			name = Debug;
		};
		94E3B231255A3A240021FCAA /* Release */ = {
			isa = XCBuildConfiguration;
			buildSettings = {
				ALWAYS_EMBED_SWIFT_STANDARD_LIBRARIES = YES;
				CODE_SIGN_STYLE = Automatic;
				DEVELOPMENT_TEAM = A96N793463;
				INFOPLIST_FILE = "EMS iOS AppUITests/Info.plist";
				LD_RUNPATH_SEARCH_PATHS = (
					"$(inherited)",
					"@executable_path/Frameworks",
					"@loader_path/Frameworks",
				);
				PRODUCT_BUNDLE_IDENTIFIER = "JD-0340-EMS.EMS-iOS-AppUITests";
				PRODUCT_NAME = "$(TARGET_NAME)";
				SWIFT_VERSION = 5.0;
				TARGETED_DEVICE_FAMILY = "1,2";
				TEST_TARGET_NAME = "EMS iOS App";
			};
			name = Release;
		};
/* End XCBuildConfiguration section */

/* Begin XCConfigurationList section */
		94E3B1FA255A3A200021FCAA /* Build configuration list for PBXProject "EMS iOS App" */ = {
			isa = XCConfigurationList;
			buildConfigurations = (
				94E3B227255A3A240021FCAA /* Debug */,
				94E3B228255A3A240021FCAA /* Release */,
			);
			defaultConfigurationIsVisible = 0;
			defaultConfigurationName = Release;
		};
		94E3B229255A3A240021FCAA /* Build configuration list for PBXNativeTarget "EMS iOS App" */ = {
			isa = XCConfigurationList;
			buildConfigurations = (
				94E3B22A255A3A240021FCAA /* Debug */,
				94E3B22B255A3A240021FCAA /* Release */,
			);
			defaultConfigurationIsVisible = 0;
			defaultConfigurationName = Release;
		};
		94E3B22C255A3A240021FCAA /* Build configuration list for PBXNativeTarget "EMS iOS AppTests" */ = {
			isa = XCConfigurationList;
			buildConfigurations = (
				94E3B22D255A3A240021FCAA /* Debug */,
				94E3B22E255A3A240021FCAA /* Release */,
			);
			defaultConfigurationIsVisible = 0;
			defaultConfigurationName = Release;
		};
		94E3B22F255A3A240021FCAA /* Build configuration list for PBXNativeTarget "EMS iOS AppUITests" */ = {
			isa = XCConfigurationList;
			buildConfigurations = (
				94E3B230255A3A240021FCAA /* Debug */,
				94E3B231255A3A240021FCAA /* Release */,
			);
			defaultConfigurationIsVisible = 0;
			defaultConfigurationName = Release;
		};
/* End XCConfigurationList section */
	};
	rootObject = 94E3B1F7255A3A200021FCAA /* Project object */;
}
